
Microsoft Visual Studio Solution File, Format Version 10.00
# Visual C# Express 2008
Project("{FAE04EC0-301F-11D3-BF4B-00C04F79EFBC}") = "MUDcat6006", "MUDcat6006.csproj", "{D41A4FDA-EDD1-46B6-A762-5DB59886B0BC}"
EndProject
Global
	GlobalSection(SolutionConfigurationPlatforms) = preSolution
		Debug|Any CPU = Debug|Any CPU
		Release|Any CPU = Release|Any CPU
	EndGlobalSection
	GlobalSection(ProjectConfigurationPlatforms) = postSolution
		{D41A4FDA-EDD1-46B6-A762-5DB59886B0BC}.Debug|Any CPU.ActiveCfg = Debug|Any CPU
		{D41A4FDA-EDD1-46B6-A762-5DB59886B0BC}.Debug|Any CPU.Build.0 = Debug|Any CPU
		{D41A4FDA-EDD1-46B6-A762-5DB59886B0BC}.Release|Any CPU.ActiveCfg = Release|Any CPU
		{D41A4FDA-EDD1-46B6-A762-5DB59886B0BC}.Release|Any CPU.Build.0 = Release|Any CPU
	EndGlobalSection
	GlobalSection(SolutionProperties) = preSolution
		HideSolutionNode = FALSE
	EndGlobalSection
EndGlobal
